
Microsoft Visual Studio Solution File, Format Version 12.00
# Visual Studio Version 16
VisualStudioVersion = 16.0.31515.178
MinimumVisualStudioVersion = 10.0.40219.1
Project("{FAE04EC0-301F-11D3-BF4B-00C04F79EFBC}") = "CustomWarheadColor", "CustomWarheadColor\CustomWarheadColor.csproj", "{B037407F-472D-4C60-98B8-3BADE93FB27A}"
EndProject
Global
	GlobalSection(SolutionConfigurationPlatforms) = preSolution
		Debug|Any CPU = Debug|Any CPU
		Release|Any CPU = Release|Any CPU
	EndGlobalSection
	GlobalSection(ProjectConfigurationPlatforms) = postSolution
		{B037407F-472D-4C60-98B8-3BADE93FB27A}.Debug|Any CPU.ActiveCfg = Debug|Any CPU
		{B037407F-472D-4C60-98B8-3BADE93FB27A}.Debug|Any CPU.Build.0 = Debug|Any CPU
		{B037407F-472D-4C60-98B8-3BADE93FB27A}.Release|Any CPU.ActiveCfg = Release|Any CPU
		{B037407F-472D-4C60-98B8-3BADE93FB27A}.Release|Any CPU.Build.0 = Release|Any CPU
	EndGlobalSection
	GlobalSection(SolutionProperties) = preSolution
		HideSolutionNode = FALSE
	EndGlobalSection
	GlobalSection(ExtensibilityGlobals) = postSolution
		SolutionGuid = {ECD77AF1-0B9C-443A-BC94-0D5697A85CA0}
	EndGlobalSection
EndGlobal
